// !$*UTF8*$!
{
	archiveVersion = 1;
	classes = {
	};
	objectVersion = 46;
	objects = {

/* Begin PBXBuildFile section */
		D012C9AB1B852C3A000A928E /* main.swift in Sources */ = {isa = PBXBuildFile; fileRef = D012C9AA1B852C3A000A928E /* main.swift */; };
		D012C9B71B852C7F000A928E /* CommandLine.swift in Sources */ = {isa = PBXBuildFile; fileRef = D012C9B31B852C7F000A928E /* CommandLine.swift */; };
		D012C9B81B852C7F000A928E /* Option.swift in Sources */ = {isa = PBXBuildFile; fileRef = D012C9B41B852C7F000A928E /* Option.swift */; };
		D012C9BA1B852C7F000A928E /* StringExtensions.swift in Sources */ = {isa = PBXBuildFile; fileRef = D012C9B61B852C7F000A928E /* StringExtensions.swift */; };
		D012C9C01B852DDD000A928E /* Ji.swift in Sources */ = {isa = PBXBuildFile; fileRef = D012C9BD1B852DDD000A928E /* Ji.swift */; };
		D012C9C11B852DDD000A928E /* JiHelper.swift in Sources */ = {isa = PBXBuildFile; fileRef = D012C9BE1B852DDD000A928E /* JiHelper.swift */; };
		D012C9C21B852DDD000A928E /* JiNode.swift in Sources */ = {isa = PBXBuildFile; fileRef = D012C9BF1B852DDD000A928E /* JiNode.swift */; };
		D012C9C41B852ED1000A928E /* libxml2.2.tbd in Frameworks */ = {isa = PBXBuildFile; fileRef = D012C9C31B852ED1000A928E /* libxml2.2.tbd */; };
		D012C9C61B852ED6000A928E /* libxml2.tbd in Frameworks */ = {isa = PBXBuildFile; fileRef = D012C9C51B852ED6000A928E /* libxml2.tbd */; };
		D094B1761BAE17B700141FE3 /* Model.swift in Sources */ = {isa = PBXBuildFile; fileRef = D094B1751BAE17B700141FE3 /* Model.swift */; settings = {ASSET_TAGS = (); }; };
		D094B1781BAE2B1300141FE3 /* CanonicalConsumer.swift in Sources */ = {isa = PBXBuildFile; fileRef = D094B1771BAE2B1300141FE3 /* CanonicalConsumer.swift */; settings = {ASSET_TAGS = (); }; };
/* End PBXBuildFile section */

/* Begin PBXCopyFilesBuildPhase section */
		D012C9A51B852C3A000A928E /* CopyFiles */ = {
			isa = PBXCopyFilesBuildPhase;
			buildActionMask = 2147483647;
			dstPath = /usr/share/man/man1/;
			dstSubfolderSpec = 0;
			files = (
			);
			runOnlyForDeploymentPostprocessing = 1;
		};
/* End PBXCopyFilesBuildPhase section */

/* Begin PBXFileReference section */
		D012C9A71B852C3A000A928E /* CoreDataModelParser */ = {isa = PBXFileReference; explicitFileType = "compiled.mach-o.executable"; includeInIndex = 0; path = CoreDataModelParser; sourceTree = BUILT_PRODUCTS_DIR; };
		D012C9AA1B852C3A000A928E /* main.swift */ = {isa = PBXFileReference; lastKnownFileType = sourcecode.swift; path = main.swift; sourceTree = "<group>"; };
		D012C9B31B852C7F000A928E /* CommandLine.swift */ = {isa = PBXFileReference; fileEncoding = 4; lastKnownFileType = sourcecode.swift; path = CommandLine.swift; sourceTree = "<group>"; };
		D012C9B41B852C7F000A928E /* Option.swift */ = {isa = PBXFileReference; fileEncoding = 4; lastKnownFileType = sourcecode.swift; path = Option.swift; sourceTree = "<group>"; };
		D012C9B51B852C7F000A928E /* README.md */ = {isa = PBXFileReference; fileEncoding = 4; lastKnownFileType = net.daringfireball.markdown; path = README.md; sourceTree = "<group>"; };
		D012C9B61B852C7F000A928E /* StringExtensions.swift */ = {isa = PBXFileReference; fileEncoding = 4; lastKnownFileType = sourcecode.swift; path = StringExtensions.swift; sourceTree = "<group>"; };
		D012C9BC1B852DDD000A928E /* Ji.h */ = {isa = PBXFileReference; fileEncoding = 4; lastKnownFileType = sourcecode.c.h; path = Ji.h; sourceTree = "<group>"; };
		D012C9BD1B852DDD000A928E /* Ji.swift */ = {isa = PBXFileReference; fileEncoding = 4; lastKnownFileType = sourcecode.swift; path = Ji.swift; sourceTree = "<group>"; };
		D012C9BE1B852DDD000A928E /* JiHelper.swift */ = {isa = PBXFileReference; fileEncoding = 4; lastKnownFileType = sourcecode.swift; path = JiHelper.swift; sourceTree = "<group>"; };
		D012C9BF1B852DDD000A928E /* JiNode.swift */ = {isa = PBXFileReference; fileEncoding = 4; lastKnownFileType = sourcecode.swift; path = JiNode.swift; sourceTree = "<group>"; };
		D012C9C31B852ED1000A928E /* libxml2.2.tbd */ = {isa = PBXFileReference; lastKnownFileType = "sourcecode.text-based-dylib-definition"; name = libxml2.2.tbd; path = usr/lib/libxml2.2.tbd; sourceTree = SDKROOT; };
		D012C9C51B852ED6000A928E /* libxml2.tbd */ = {isa = PBXFileReference; lastKnownFileType = "sourcecode.text-based-dylib-definition"; name = libxml2.tbd; path = usr/lib/libxml2.tbd; sourceTree = SDKROOT; };
		D012C9C91B852F53000A928E /* CoreDataModelParser-Bridging-Header.h */ = {isa = PBXFileReference; lastKnownFileType = sourcecode.c.h; path = "CoreDataModelParser-Bridging-Header.h"; sourceTree = "<group>"; };
		D094B1751BAE17B700141FE3 /* Model.swift */ = {isa = PBXFileReference; fileEncoding = 4; lastKnownFileType = sourcecode.swift; path = Model.swift; sourceTree = "<group>"; };
		D094B1771BAE2B1300141FE3 /* CanonicalConsumer.swift */ = {isa = PBXFileReference; fileEncoding = 4; lastKnownFileType = sourcecode.swift; path = CanonicalConsumer.swift; sourceTree = "<group>"; };
/* End PBXFileReference section */

/* Begin PBXFrameworksBuildPhase section */
		D012C9A41B852C3A000A928E /* Frameworks */ = {
			isa = PBXFrameworksBuildPhase;
			buildActionMask = 2147483647;
			files = (
				D012C9C61B852ED6000A928E /* libxml2.tbd in Frameworks */,
				D012C9C41B852ED1000A928E /* libxml2.2.tbd in Frameworks */,
			);
			runOnlyForDeploymentPostprocessing = 0;
		};
/* End PBXFrameworksBuildPhase section */

/* Begin PBXGroup section */
		D012C99E1B852C3A000A928E = {
			isa = PBXGroup;
			children = (
				D012C9A91B852C3A000A928E /* CoreDataModelParser */,
				D012C9B11B852C7F000A928E /* Vendor */,
				D012C9A81B852C3A000A928E /* Products */,
			);
			sourceTree = "<group>";
		};
		D012C9A81B852C3A000A928E /* Products */ = {
			isa = PBXGroup;
			children = (
				D012C9A71B852C3A000A928E /* CoreDataModelParser */,
			);
			name = Products;
			sourceTree = "<group>";
		};
		D012C9A91B852C3A000A928E /* CoreDataModelParser */ = {
			isa = PBXGroup;
			children = (
				D094B1771BAE2B1300141FE3 /* CanonicalConsumer.swift */,
				D012C9C91B852F53000A928E /* CoreDataModelParser-Bridging-Header.h */,
				D012C9AA1B852C3A000A928E /* main.swift */,
				D094B1751BAE17B700141FE3 /* Model.swift */,
			);
			path = CoreDataModelParser;
			sourceTree = "<group>";
		};
		D012C9B11B852C7F000A928E /* Vendor */ = {
			isa = PBXGroup;
			children = (
				D012C9B21B852C7F000A928E /* CommandLine */,
				D012C9BB1B852DDD000A928E /* Ji */,
				D012C9C71B852EEB000A928E /* libxml */,
			);
			path = Vendor;
			sourceTree = "<group>";
		};
		D012C9B21B852C7F000A928E /* CommandLine */ = {
			isa = PBXGroup;
			children = (
				D012C9B31B852C7F000A928E /* CommandLine.swift */,
				D012C9B41B852C7F000A928E /* Option.swift */,
				D012C9B51B852C7F000A928E /* README.md */,
				D012C9B61B852C7F000A928E /* StringExtensions.swift */,
			);
			path = CommandLine;
			sourceTree = "<group>";
		};
		D012C9BB1B852DDD000A928E /* Ji */ = {
			isa = PBXGroup;
			children = (
				D012C9BC1B852DDD000A928E /* Ji.h */,
				D012C9BD1B852DDD000A928E /* Ji.swift */,
				D012C9BE1B852DDD000A928E /* JiHelper.swift */,
				D012C9BF1B852DDD000A928E /* JiNode.swift */,
			);
			path = Ji;
			sourceTree = "<group>";
		};
		D012C9C71B852EEB000A928E /* libxml */ = {
			isa = PBXGroup;
			children = (
				D012C9C51B852ED6000A928E /* libxml2.tbd */,
				D012C9C31B852ED1000A928E /* libxml2.2.tbd */,
			);
			name = libxml;
			sourceTree = "<group>";
		};
/* End PBXGroup section */

/* Begin PBXNativeTarget section */
		D012C9A61B852C3A000A928E /* CoreDataModelParser */ = {
			isa = PBXNativeTarget;
			buildConfigurationList = D012C9AE1B852C3A000A928E /* Build configuration list for PBXNativeTarget "CoreDataModelParser" */;
			buildPhases = (
				D012C9A31B852C3A000A928E /* Sources */,
				D012C9A41B852C3A000A928E /* Frameworks */,
				D012C9A51B852C3A000A928E /* CopyFiles */,
			);
			buildRules = (
			);
			dependencies = (
			);
			name = CoreDataModelParser;
			productName = CoreDataModelParser;
			productReference = D012C9A71B852C3A000A928E /* CoreDataModelParser */;
			productType = "com.apple.product-type.tool";
		};
/* End PBXNativeTarget section */

/* Begin PBXProject section */
		D012C99F1B852C3A000A928E /* Project object */ = {
			isa = PBXProject;
			attributes = {
				LastUpgradeCheck = 0700;
				ORGANIZATIONNAME = "James O'Leary";
				TargetAttributes = {
					D012C9A61B852C3A000A928E = {
						CreatedOnToolsVersion = 7.0;
					};
				};
			};
			buildConfigurationList = D012C9A21B852C3A000A928E /* Build configuration list for PBXProject "CoreDataModelParser" */;
			compatibilityVersion = "Xcode 3.2";
			developmentRegion = English;
			hasScannedForEncodings = 0;
			knownRegions = (
				en,
			);
			mainGroup = D012C99E1B852C3A000A928E;
			productRefGroup = D012C9A81B852C3A000A928E /* Products */;
			projectDirPath = "";
			projectRoot = "";
			targets = (
				D012C9A61B852C3A000A928E /* CoreDataModelParser */,
			);
		};
/* End PBXProject section */

/* Begin PBXSourcesBuildPhase section */
		D012C9A31B852C3A000A928E /* Sources */ = {
			isa = PBXSourcesBuildPhase;
			buildActionMask = 2147483647;
			files = (
				D012C9C21B852DDD000A928E /* JiNode.swift in Sources */,
				D012C9AB1B852C3A000A928E /* main.swift in Sources */,
				D012C9C11B852DDD000A928E /* JiHelper.swift in Sources */,
				D012C9B81B852C7F000A928E /* Option.swift in Sources */,
				D094B1761BAE17B700141FE3 /* Model.swift in Sources */,
				D094B1781BAE2B1300141FE3 /* CanonicalConsumer.swift in Sources */,
				D012C9C01B852DDD000A928E /* Ji.swift in Sources */,
				D012C9BA1B852C7F000A928E /* StringExtensions.swift in Sources */,
				D012C9B71B852C7F000A928E /* CommandLine.swift in Sources */,
			);
			runOnlyForDeploymentPostprocessing = 0;
		};
/* End PBXSourcesBuildPhase section */

/* Begin XCBuildConfiguration section */
		D012C9AC1B852C3A000A928E /* Debug */ = {
			isa = XCBuildConfiguration;
			buildSettings = {
				ALWAYS_SEARCH_USER_PATHS = NO;
				CLANG_CXX_LANGUAGE_STANDARD = "gnu++0x";
				CLANG_CXX_LIBRARY = "libc++";
				CLANG_ENABLE_MODULES = YES;
				CLANG_ENABLE_OBJC_ARC = YES;
				CLANG_WARN_BOOL_CONVERSION = YES;
				CLANG_WARN_CONSTANT_CONVERSION = YES;
				CLANG_WARN_DIRECT_OBJC_ISA_USAGE = YES_ERROR;
				CLANG_WARN_EMPTY_BODY = YES;
				CLANG_WARN_ENUM_CONVERSION = YES;
				CLANG_WARN_INT_CONVERSION = YES;
				CLANG_WARN_OBJC_ROOT_CLASS = YES_ERROR;
				CLANG_WARN_UNREACHABLE_CODE = YES;
				CLANG_WARN__DUPLICATE_METHOD_MATCH = YES;
				COPY_PHASE_STRIP = NO;
				DEBUG_INFORMATION_FORMAT = dwarf;
				ENABLE_STRICT_OBJC_MSGSEND = YES;
				ENABLE_TESTABILITY = YES;
				GCC_C_LANGUAGE_STANDARD = gnu99;
				GCC_DYNAMIC_NO_PIC = NO;
				GCC_NO_COMMON_BLOCKS = YES;
				GCC_OPTIMIZATION_LEVEL = 0;
				GCC_PREPROCESSOR_DEFINITIONS = (
					"DEBUG=1",
					"$(inherited)",
				);
				GCC_WARN_64_TO_32_BIT_CONVERSION = YES;
				GCC_WARN_ABOUT_RETURN_TYPE = YES_ERROR;
				GCC_WARN_UNDECLARED_SELECTOR = YES;
				GCC_WARN_UNINITIALIZED_AUTOS = YES_AGGRESSIVE;
				GCC_WARN_UNUSED_FUNCTION = YES;
				GCC_WARN_UNUSED_VARIABLE = YES;
				HEADER_SEARCH_PATHS = "$(SDKROOT)/usr/include/libxml2";
				MACOSX_DEPLOYMENT_TARGET = 10.11;
				MTL_ENABLE_DEBUG_INFO = YES;
				ONLY_ACTIVE_ARCH = YES;
				OTHER_LDFLAGS = "-lxml2";
				SDKROOT = macosx;
				SWIFT_OBJC_BRIDGING_HEADER = "$(SRCROOT)/CoreDataModelParser/CoreDataModelParser-Bridging-Header.h";
				SWIFT_OPTIMIZATION_LEVEL = "-Onone";
			};
			name = Debug;
		};
		D012C9AD1B852C3A000A928E /* Release */ = {
			isa = XCBuildConfiguration;
			buildSettings = {
				ALWAYS_SEARCH_USER_PATHS = NO;
				CLANG_CXX_LANGUAGE_STANDARD = "gnu++0x";
				CLANG_CXX_LIBRARY = "libc++";
				CLANG_ENABLE_MODULES = YES;
				CLANG_ENABLE_OBJC_ARC = YES;
				CLANG_WARN_BOOL_CONVERSION = YES;
				CLANG_WARN_CONSTANT_CONVERSION = YES;
				CLANG_WARN_DIRECT_OBJC_ISA_USAGE = YES_ERROR;
				CLANG_WARN_EMPTY_BODY = YES;
				CLANG_WARN_ENUM_CONVERSION = YES;
				CLANG_WARN_INT_CONVERSION = YES;
				CLANG_WARN_OBJC_ROOT_CLASS = YES_ERROR;
				CLANG_WARN_UNREACHABLE_CODE = YES;
				CLANG_WARN__DUPLICATE_METHOD_MATCH = YES;
				COPY_PHASE_STRIP = NO;
				DEBUG_INFORMATION_FORMAT = "dwarf-with-dsym";
				ENABLE_NS_ASSERTIONS = NO;
				ENABLE_STRICT_OBJC_MSGSEND = YES;
				GCC_C_LANGUAGE_STANDARD = gnu99;
				GCC_NO_COMMON_BLOCKS = YES;
				GCC_WARN_64_TO_32_BIT_CONVERSION = YES;
				GCC_WARN_ABOUT_RETURN_TYPE = YES_ERROR;
				GCC_WARN_UNDECLARED_SELECTOR = YES;
				GCC_WARN_UNINITIALIZED_AUTOS = YES_AGGRESSIVE;
				GCC_WARN_UNUSED_FUNCTION = YES;
				GCC_WARN_UNUSED_VARIABLE = YES;
				HEADER_SEARCH_PATHS = "$(SDKROOT)/usr/include/libxml2";
				MACOSX_DEPLOYMENT_TARGET = 10.11;
				MTL_ENABLE_DEBUG_INFO = NO;
				OTHER_LDFLAGS = "-lxml2";
				SDKROOT = macosx;
				SWIFT_OBJC_BRIDGING_HEADER = "$(SRCROOT)/CoreDataModelParser/CoreDataModelParser-Bridging-Header.h";
			};
			name = Release;
		};
		D012C9AF1B852C3A000A928E /* Debug */ = {
			isa = XCBuildConfiguration;
			buildSettings = {
				PRODUCT_NAME = "$(TARGET_NAME)";
			};
			name = Debug;
		};
		D012C9B01B852C3A000A928E /* Release */ = {
			isa = XCBuildConfiguration;
			buildSettings = {
				PRODUCT_NAME = "$(TARGET_NAME)";
			};
			name = Release;
		};
/* End XCBuildConfiguration section */

/* Begin XCConfigurationList section */
		D012C9A21B852C3A000A928E /* Build configuration list for PBXProject "CoreDataModelParser" */ = {
			isa = XCConfigurationList;
			buildConfigurations = (
				D012C9AC1B852C3A000A928E /* Debug */,
				D012C9AD1B852C3A000A928E /* Release */,
			);
			defaultConfigurationIsVisible = 0;
			defaultConfigurationName = Release;
		};
		D012C9AE1B852C3A000A928E /* Build configuration list for PBXNativeTarget "CoreDataModelParser" */ = {
			isa = XCConfigurationList;
			buildConfigurations = (
				D012C9AF1B852C3A000A928E /* Debug */,
				D012C9B01B852C3A000A928E /* Release */,
			);
			defaultConfigurationIsVisible = 0;
			defaultConfigurationName = Release;
		};
/* End XCConfigurationList section */
	};
	rootObject = D012C99F1B852C3A000A928E /* Project object */;
}
